
Microsoft Visual Studio Solution File, Format Version 12.00
# Visual Studio Version 16
VisualStudioVersion = 16.0.31402.337
MinimumVisualStudioVersion = 10.0.40219.1
Project("{FAE04EC0-301F-11D3-BF4B-00C04F79EFBC}") = "StrategyPatternExample", "StrategyPatternExample\StrategyPatternExample.csproj", "{E1B54DA3-5FEA-4AC1-80FE-6940A7CE2639}"
EndProject
Global
	GlobalSection(SolutionConfigurationPlatforms) = preSolution
		Debug|Any CPU = Debug|Any CPU
		Release|Any CPU = Release|Any CPU
	EndGlobalSection
	GlobalSection(ProjectConfigurationPlatforms) = postSolution
		{E1B54DA3-5FEA-4AC1-80FE-6940A7CE2639}.Debug|Any CPU.ActiveCfg = Debug|Any CPU
		{E1B54DA3-5FEA-4AC1-80FE-6940A7CE2639}.Debug|Any CPU.Build.0 = Debug|Any CPU
		{E1B54DA3-5FEA-4AC1-80FE-6940A7CE2639}.Release|Any CPU.ActiveCfg = Release|Any CPU
		{E1B54DA3-5FEA-4AC1-80FE-6940A7CE2639}.Release|Any CPU.Build.0 = Release|Any CPU
	EndGlobalSection
	GlobalSection(SolutionProperties) = preSolution
		HideSolutionNode = FALSE
	EndGlobalSection
	GlobalSection(ExtensibilityGlobals) = postSolution
		SolutionGuid = {827AEA45-0738-4BAD-AC53-29CCC6C0C7E7}
	EndGlobalSection
EndGlobal
